Microsoft Visual Studio Solution File, Format Version 12.00
# Visual Studio Version 17
VisualStudioVersion = 17.14.36429.23
MinimumVisualStudioVersion = 10.0.40219.1
Project("{9A19103F-16F7-4668-BE54-9A1E7A4F7556}") = "RDLParamGUI", "RDLParamGUI\RDLParamGUI.csproj", "{BDF8974B-67C9-4503-ACBE-BD376365FB37}"
	ProjectSection(ProjectDependencies) = postProject
		{D74BFFA5-E816-61D9-8C23-FF151DC2FF4C} = {D74BFFA5-E816-61D9-8C23-FF151DC2FF4C}
	EndProjectSection
EndProject
Project("{FAE04EC0-301F-11D3-BF4B-00C04F79EFBC}") = "KirbyLib", "KirbyLib\KirbyLib\KirbyLib.csproj", "{D74BFFA5-E816-61D9-8C23-FF151DC2FF4C}"
EndProject
Project("{FAE04EC0-301F-11D3-BF4B-00C04F79EFBC}") = "DolphinMemory", "DolphinMemory\DolphinMemory.csproj", "{06F852D2-3F2E-40E3-ABE0-2BC479FDA0A8}"
EndProject
Project("{FAE04EC0-301F-11D3-BF4B-00C04F79EFBC}") = "Dolphin.Memory.Access", "..\Dolphin.Memory.Access\dolphin.memory.access\Dolphin.Memory.Access.csproj", "{05AD1FD9-BF06-2A70-302D-2F3C86C8B665}"
EndProject
Global
	GlobalSection(SolutionConfigurationPlatforms) = preSolution
		Debug|Any CPU = Debug|Any CPU
		Release|Any CPU = Release|Any CPU
	EndGlobalSection
	GlobalSection(ProjectConfigurationPlatforms) = postSolution
		{BDF8974B-67C9-4503-ACBE-BD376365FB37}.Debug|Any CPU.ActiveCfg = Debug|Any CPU
		{BDF8974B-67C9-4503-ACBE-BD376365FB37}.Debug|Any CPU.Build.0 = Debug|Any CPU
		{BDF8974B-67C9-4503-ACBE-BD376365FB37}.Release|Any CPU.ActiveCfg = Release|Any CPU
		{BDF8974B-67C9-4503-ACBE-BD376365FB37}.Release|Any CPU.Build.0 = Release|Any CPU
		{D74BFFA5-E816-61D9-8C23-FF151DC2FF4C}.Debug|Any CPU.ActiveCfg = Debug|Any CPU
		{D74BFFA5-E816-61D9-8C23-FF151DC2FF4C}.Debug|Any CPU.Build.0 = Debug|Any CPU
		{D74BFFA5-E816-61D9-8C23-FF151DC2FF4C}.Release|Any CPU.ActiveCfg = Release|Any CPU
		{D74BFFA5-E816-61D9-8C23-FF151DC2FF4C}.Release|Any CPU.Build.0 = Release|Any CPU
		{06F852D2-3F2E-40E3-ABE0-2BC479FDA0A8}.Debug|Any CPU.ActiveCfg = Debug|Any CPU
		{06F852D2-3F2E-40E3-ABE0-2BC479FDA0A8}.Debug|Any CPU.Build.0 = Debug|Any CPU
		{06F852D2-3F2E-40E3-ABE0-2BC479FDA0A8}.Release|Any CPU.ActiveCfg = Release|Any CPU
		{06F852D2-3F2E-40E3-ABE0-2BC479FDA0A8}.Release|Any CPU.Build.0 = Release|Any CPU
		{05AD1FD9-BF06-2A70-302D-2F3C86C8B665}.Debug|Any CPU.ActiveCfg = Debug|Any CPU
		{05AD1FD9-BF06-2A70-302D-2F3C86C8B665}.Debug|Any CPU.Build.0 = Debug|Any CPU
		{05AD1FD9-BF06-2A70-302D-2F3C86C8B665}.Release|Any CPU.ActiveCfg = Release|Any CPU
		{05AD1FD9-BF06-2A70-302D-2F3C86C8B665}.Release|Any CPU.Build.0 = Release|Any CPU
	EndGlobalSection
	GlobalSection(SolutionProperties) = preSolution
		HideSolutionNode = FALSE
	EndGlobalSection
	GlobalSection(ExtensibilityGlobals) = postSolution
		SolutionGuid = {87E447C6-502F-4A9C-A1E2-8491E30725C6}
	EndGlobalSection
EndGlobal
